
Microsoft Visual Studio Solution File, Format Version 12.00
# Visual Studio Version 17
VisualStudioVersion = 17.2.32519.379
MinimumVisualStudioVersion = 10.0.40219.1
Project("{FAE04EC0-301F-11D3-BF4B-00C04F79EFBC}") = "Final5.21", "Final5.21\Final5.21.csproj", "{D0589A97-4019-4BD1-AB0C-187D3C56B1C3}"
EndProject
Global
	GlobalSection(SolutionConfigurationPlatforms) = preSolution
		Debug|Any CPU = Debug|Any CPU
		Release|Any CPU = Release|Any CPU
	EndGlobalSection
	GlobalSection(ProjectConfigurationPlatforms) = postSolution
		{D0589A97-4019-4BD1-AB0C-187D3C56B1C3}.Debug|Any CPU.ActiveCfg = Debug|Any CPU
		{D0589A97-4019-4BD1-AB0C-187D3C56B1C3}.Debug|Any CPU.Build.0 = Debug|Any CPU
		{D0589A97-4019-4BD1-AB0C-187D3C56B1C3}.Release|Any CPU.ActiveCfg = Release|Any CPU
		{D0589A97-4019-4BD1-AB0C-187D3C56B1C3}.Release|Any CPU.Build.0 = Release|Any CPU
	EndGlobalSection
	GlobalSection(SolutionProperties) = preSolution
		HideSolutionNode = FALSE
	EndGlobalSection
	GlobalSection(ExtensibilityGlobals) = postSolution
		SolutionGuid = {E9359852-A5A8-423D-9BB4-1F8AD9F355EB}
	EndGlobalSection
EndGlobal
